<?xml version="1.0" encoding="utf-8"?>
<Project ToolsVersion="4.0" xmlns="http://schemas.microsoft.com/developer/msbuild/2003">
  <ItemGroup>
    <Filter Include="源文件">
      <UniqueIdentifier>{4FC737F1-C7A5-4376-A066-2A32D752A2FF}</UniqueIdentifier>
      <Extensions>cpp;c;cc;cxx;def;odl;idl;hpj;bat;asm;asmx</Extensions>
    </Filter>
    <Filter Include="头文件">
      <UniqueIdentifier>{93995380-89BD-4b04-88EB-625FBE52EBFB}</UniqueIdentifier>
      <Extensions>h;hh;hpp;hxx;hm;inl;inc;xsd</Extensions>
    </Filter>
    <Filter Include="资源文件">
      <UniqueIdentifier>{67DA6AB6-F800-4c08-8B7A-83BB121AAD01}</UniqueIdentifier>
      <Extensions>rc;ico;cur;bmp;dlg;rc2;rct;bin;rgs;gif;jpg;jpeg;jpe;resx;tiff;tif;png;wav;mfcribbon-ms</Extensions>
    </Filter>
    <Filter Include="net">
      <UniqueIdentifier>{69d80423-ed83-4313-ace7-34a00264414a}</UniqueIdentifier>
    </Filter>
    <Filter Include="timer">
      <UniqueIdentifier>{ffa831de-ec51-4915-ac06-de224df21d05}</UniqueIdentifier>
    </Filter>
    <Filter Include="utils">
      <UniqueIdentifier>{60d74637-7ccd-405b-ac19-235c63d2d8ba}</UniqueIdentifier>
    </Filter>
    <Filter Include="luatinker">
      <UniqueIdentifier>{c99a3ee7-75af-4c3a-84fd-c169061c7329}</UniqueIdentifier>
    </Filter>
  </ItemGroup>
  <ItemGroup>
    <ClCompile Include="..\src\Joynet.cpp">
      <Filter>源文件</Filter>
    </ClCompile>
    <ClCompile Include="..\3rdparty\accumulation-dev\src\net\CurrentThread.cpp">
      <Filter>net</Filter>
    </ClCompile>
    <ClCompile Include="..\3rdparty\accumulation-dev\src\net\DataSocket.cpp">
      <Filter>net</Filter>
    </ClCompile>
    <ClCompile Include="..\3rdparty\accumulation-dev\src\net\EventLoop.cpp">
      <Filter>net</Filter>
    </ClCompile>
    <ClCompile Include="..\3rdparty\accumulation-dev\src\net\SocketLibFunction.c">
      <Filter>net</Filter>
    </ClCompile>
    <ClCompile Include="..\3rdparty\accumulation-dev\src\net\TCPService.cpp">
      <Filter>net</Filter>
    </ClCompile>
    <ClCompile Include="..\3rdparty\accumulation-dev\src\utils\connector.cpp">
      <Filter>net</Filter>
    </ClCompile>
    <ClCompile Include="..\3rdparty\accumulation-dev\src\utils\fdset.c">
      <Filter>net</Filter>
    </ClCompile>
    <ClCompile Include="..\3rdparty\accumulation-dev\src\timer\timer.cpp">
      <Filter>timer</Filter>
    </ClCompile>
    <ClCompile Include="..\3rdparty\lua_tinker\lua_tinker.cpp">
      <Filter>luatinker</Filter>
    </ClCompile>
    <ClCompile Include="..\3rdparty\accumulation-dev\src\utils\systemlib.c">
      <Filter>utils</Filter>
    </ClCompile>
    <ClCompile Include="..\3rdparty\accumulation-dev\src\utils\buffer.c">
      <Filter>utils</Filter>
    </ClCompile>
    <ClCompile Include="..\3rdparty\accumulation-dev\src\utils\md5calc.cpp">
      <Filter>utils</Filter>
    </ClCompile>
    <ClCompile Include="..\3rdparty\accumulation-dev\src\utils\ox_file.cpp">
      <Filter>utils</Filter>
    </ClCompile>
  </ItemGroup>
  <ItemGroup>
    <ClInclude Include="..\3rdparty\accumulation-dev\src\net\TCPService.h">
      <Filter>net</Filter>
    </ClInclude>
    <ClInclude Include="..\3rdparty\accumulation-dev\src\net\Channel.h">
      <Filter>net</Filter>
    </ClInclude>
    <ClInclude Include="..\3rdparty\accumulation-dev\src\net\CurrentThread.h">
      <Filter>net</Filter>
    </ClInclude>
    <ClInclude Include="..\3rdparty\accumulation-dev\src\net\DataSocket.h">
      <Filter>net</Filter>
    </ClInclude>
    <ClInclude Include="..\3rdparty\accumulation-dev\src\net\EventLoop.h">
      <Filter>net</Filter>
    </ClInclude>
    <ClInclude Include="..\3rdparty\accumulation-dev\src\net\Platform.h">
      <Filter>net</Filter>
    </ClInclude>
    <ClInclude Include="..\3rdparty\accumulation-dev\src\net\SocketLibFunction.h">
      <Filter>net</Filter>
    </ClInclude>
    <ClInclude Include="..\3rdparty\accumulation-dev\src\net\SocketLibTypes.h">
      <Filter>net</Filter>
    </ClInclude>
    <ClInclude Include="..\3rdparty\accumulation-dev\src\utils\connector.h">
      <Filter>net</Filter>
    </ClInclude>
    <ClInclude Include="..\3rdparty\accumulation-dev\src\utils\fdset.h">
      <Filter>net</Filter>
    </ClInclude>
    <ClInclude Include="..\3rdparty\accumulation-dev\src\utils\msgqueue.h">
      <Filter>utils</Filter>
    </ClInclude>
    <ClInclude Include="..\3rdparty\accumulation-dev\src\timer\timer.h">
      <Filter>timer</Filter>
    </ClInclude>
    <ClInclude Include="..\3rdparty\lua_tinker\lua_tinker.h">
      <Filter>luatinker</Filter>
    </ClInclude>
    <ClInclude Include="..\3rdparty\accumulation-dev\src\utils\systemlib.h">
      <Filter>utils</Filter>
    </ClInclude>
    <ClInclude Include="..\3rdparty\accumulation-dev\src\utils\buffer.h">
      <Filter>utils</Filter>
    </ClInclude>
    <ClInclude Include="..\3rdparty\accumulation-dev\src\utils\md5calc.h">
      <Filter>utils</Filter>
    </ClInclude>
    <ClInclude Include="..\3rdparty\accumulation-dev\src\utils\ox_file.h">
      <Filter>utils</Filter>
    </ClInclude>
  </ItemGroup>
</Project>